
Microsoft Visual Studio Solution File, Format Version 12.00
# Visual Studio Version 17
VisualStudioVersion = 17.8.34408.163
MinimumVisualStudioVersion = 10.0.40219.1
Project("{9A19103F-16F7-4668-BE54-9A1E7A4F7556}") = "Beymen.ConfigLibrary", "Beymen.ConfigLibrary\Beymen.ConfigLibrary.csproj", "{A677C2C0-F96B-4321-95C5-4C861C5EAF83}"
EndProject
Project("{9A19103F-16F7-4668-BE54-9A1E7A4F7556}") = "Beymen.ConfigStorage", "Beymen.ConfigStorage\Beymen.ConfigStorage.csproj", "{F46356D0-144E-4F3F-8FFA-E96A0791500F}"
EndProject
Project("{E53339B2-1760-4266-BCC7-CA923CBCF16C}") = "docker-compose", "docker-compose.dcproj", "{61C5169C-2B94-4FA9-A7D7-8305F8083E6A}"
EndProject
Project("{9A19103F-16F7-4668-BE54-9A1E7A4F7556}") = "Beymen.Configuration.Test", "Beymen.Configuration.Test\Beymen.Configuration.Test.csproj", "{586761CA-030C-4801-BD46-70F80CF7FC21}"
EndProject
Project("{FAE04EC0-301F-11D3-BF4B-00C04F79EFBC}") = "Beymen.ServiceA.Api", "Beymen.ServiceA.Api\Beymen.ServiceA.Api.csproj", "{BCD2683F-4BE8-45DB-9E59-AECD91FE2366}"
EndProject
Global
	GlobalSection(SolutionConfigurationPlatforms) = preSolution
		Debug|Any CPU = Debug|Any CPU
		Release|Any CPU = Release|Any CPU
	EndGlobalSection
	GlobalSection(ProjectConfigurationPlatforms) = postSolution
		{A677C2C0-F96B-4321-95C5-4C861C5EAF83}.Debug|Any CPU.ActiveCfg = Debug|Any CPU
		{A677C2C0-F96B-4321-95C5-4C861C5EAF83}.Debug|Any CPU.Build.0 = Debug|Any CPU
		{A677C2C0-F96B-4321-95C5-4C861C5EAF83}.Release|Any CPU.ActiveCfg = Release|Any CPU
		{A677C2C0-F96B-4321-95C5-4C861C5EAF83}.Release|Any CPU.Build.0 = Release|Any CPU
		{F46356D0-144E-4F3F-8FFA-E96A0791500F}.Debug|Any CPU.ActiveCfg = Debug|Any CPU
		{F46356D0-144E-4F3F-8FFA-E96A0791500F}.Debug|Any CPU.Build.0 = Debug|Any CPU
		{F46356D0-144E-4F3F-8FFA-E96A0791500F}.Release|Any CPU.ActiveCfg = Release|Any CPU
		{F46356D0-144E-4F3F-8FFA-E96A0791500F}.Release|Any CPU.Build.0 = Release|Any CPU
		{61C5169C-2B94-4FA9-A7D7-8305F8083E6A}.Debug|Any CPU.ActiveCfg = Debug|Any CPU
		{61C5169C-2B94-4FA9-A7D7-8305F8083E6A}.Debug|Any CPU.Build.0 = Debug|Any CPU
		{61C5169C-2B94-4FA9-A7D7-8305F8083E6A}.Release|Any CPU.ActiveCfg = Release|Any CPU
		{61C5169C-2B94-4FA9-A7D7-8305F8083E6A}.Release|Any CPU.Build.0 = Release|Any CPU
		{586761CA-030C-4801-BD46-70F80CF7FC21}.Debug|Any CPU.ActiveCfg = Debug|Any CPU
		{586761CA-030C-4801-BD46-70F80CF7FC21}.Debug|Any CPU.Build.0 = Debug|Any CPU
		{586761CA-030C-4801-BD46-70F80CF7FC21}.Release|Any CPU.ActiveCfg = Release|Any CPU
		{586761CA-030C-4801-BD46-70F80CF7FC21}.Release|Any CPU.Build.0 = Release|Any CPU
		{BCD2683F-4BE8-45DB-9E59-AECD91FE2366}.Debug|Any CPU.ActiveCfg = Debug|Any CPU
		{BCD2683F-4BE8-45DB-9E59-AECD91FE2366}.Debug|Any CPU.Build.0 = Debug|Any CPU
		{BCD2683F-4BE8-45DB-9E59-AECD91FE2366}.Release|Any CPU.ActiveCfg = Release|Any CPU
		{BCD2683F-4BE8-45DB-9E59-AECD91FE2366}.Release|Any CPU.Build.0 = Release|Any CPU
	EndGlobalSection
	GlobalSection(SolutionProperties) = preSolution
		HideSolutionNode = FALSE
	EndGlobalSection
	GlobalSection(ExtensibilityGlobals) = postSolution
		SolutionGuid = {4C3738B4-78DA-4729-B163-DF49B4DE9BAB}
	EndGlobalSection
EndGlobal
